
Microsoft Visual Studio Solution File, Format Version 12.00
# Visual Studio Version 17
VisualStudioVersion = 17.4.33103.184
MinimumVisualStudioVersion = 10.0.40219.1
Project("{FAE04EC0-301F-11D3-BF4B-00C04F79EFBC}") = "NZWalks.API", "NZWalks.API\NZWalks.API.csproj", "{530F8379-1E46-45C2-8502-A12AD6910F42}"
EndProject
Global
	GlobalSection(SolutionConfigurationPlatforms) = preSolution
		Debug|Any CPU = Debug|Any CPU
		Release|Any CPU = Release|Any CPU
	EndGlobalSection
	GlobalSection(ProjectConfigurationPlatforms) = postSolution
		{530F8379-1E46-45C2-8502-A12AD6910F42}.Debug|Any CPU.ActiveCfg = Debug|Any CPU
		{530F8379-1E46-45C2-8502-A12AD6910F42}.Debug|Any CPU.Build.0 = Debug|Any CPU
		{530F8379-1E46-45C2-8502-A12AD6910F42}.Release|Any CPU.ActiveCfg = Release|Any CPU
		{530F8379-1E46-45C2-8502-A12AD6910F42}.Release|Any CPU.Build.0 = Release|Any CPU
	EndGlobalSection
	GlobalSection(SolutionProperties) = preSolution
		HideSolutionNode = FALSE
	EndGlobalSection
	GlobalSection(ExtensibilityGlobals) = postSolution
		SolutionGuid = {92D996F6-2A79-45EA-9E9E-E732F5B0560F}
	EndGlobalSection
EndGlobal
